
Microsoft Visual Studio Solution File, Format Version 10.00
# Visual Studio 2008
Project("{FAE04EC0-301F-11D3-BF4B-00C04F79EFBC}") = "EntitiesModuleWeb", "EntitiesModuleTest\EntitiesModuleWeb.csproj", "{D08E6A2E-29EA-4C1A-8610-1211050DA051}"
EndProject
Project("{FAE04EC0-301F-11D3-BF4B-00C04F79EFBC}") = "Library.Modules.EntitiesModule", "Twofour.Library.Modules.EntitiesModule\Library.Modules.EntitiesModule.csproj", "{D11F8504-FE1F-4E94-8751-7B4739465721}"
EndProject
Global
	GlobalSection(SolutionConfigurationPlatforms) = preSolution
		Debug|Any CPU = Debug|Any CPU
		Release|Any CPU = Release|Any CPU
	EndGlobalSection
	GlobalSection(ProjectConfigurationPlatforms) = postSolution
		{D08E6A2E-29EA-4C1A-8610-1211050DA051}.Debug|Any CPU.ActiveCfg = Debug|Any CPU
		{D08E6A2E-29EA-4C1A-8610-1211050DA051}.Debug|Any CPU.Build.0 = Debug|Any CPU
		{D08E6A2E-29EA-4C1A-8610-1211050DA051}.Release|Any CPU.ActiveCfg = Release|Any CPU
		{D08E6A2E-29EA-4C1A-8610-1211050DA051}.Release|Any CPU.Build.0 = Release|Any CPU
		{D11F8504-FE1F-4E94-8751-7B4739465721}.Debug|Any CPU.ActiveCfg = Debug|Any CPU
		{D11F8504-FE1F-4E94-8751-7B4739465721}.Debug|Any CPU.Build.0 = Debug|Any CPU
		{D11F8504-FE1F-4E94-8751-7B4739465721}.Release|Any CPU.ActiveCfg = Release|Any CPU
		{D11F8504-FE1F-4E94-8751-7B4739465721}.Release|Any CPU.Build.0 = Release|Any CPU
	EndGlobalSection
	GlobalSection(SolutionProperties) = preSolution
		HideSolutionNode = FALSE
	EndGlobalSection
EndGlobal
